
Microsoft Visual Studio Solution File, Format Version 12.00
# Visual Studio Version 16
VisualStudioVersion = 16.0.30225.117
MinimumVisualStudioVersion = 10.0.40219.1
Project("{FAE04EC0-301F-11D3-BF4B-00C04F79EFBC}") = "WPF Basics", "WPF Basics\WPF Basics.csproj", "{9EF1222F-03F9-4418-BC9E-47E2E882598D}"
EndProject
Global
	GlobalSection(SolutionConfigurationPlatforms) = preSolution
		Debug|Any CPU = Debug|Any CPU
		Release|Any CPU = Release|Any CPU
	EndGlobalSection
	GlobalSection(ProjectConfigurationPlatforms) = postSolution
		{9EF1222F-03F9-4418-BC9E-47E2E882598D}.Debug|Any CPU.ActiveCfg = Debug|Any CPU
		{9EF1222F-03F9-4418-BC9E-47E2E882598D}.Debug|Any CPU.Build.0 = Debug|Any CPU
		{9EF1222F-03F9-4418-BC9E-47E2E882598D}.Release|Any CPU.ActiveCfg = Release|Any CPU
		{9EF1222F-03F9-4418-BC9E-47E2E882598D}.Release|Any CPU.Build.0 = Release|Any CPU
	EndGlobalSection
	GlobalSection(SolutionProperties) = preSolution
		HideSolutionNode = FALSE
	EndGlobalSection
	GlobalSection(ExtensibilityGlobals) = postSolution
		SolutionGuid = {8D18ADCD-54D7-48B6-8EA1-B69821B99B34}
	EndGlobalSection
EndGlobal
